
Microsoft Visual Studio Solution File, Format Version 12.00
# Visual Studio Version 17
VisualStudioVersion = 17.6.33815.320
MinimumVisualStudioVersion = 10.0.40219.1
Project("{9A19103F-16F7-4668-BE54-9A1E7A4F7556}") = "MediatR", "MediatoR\MediatR.csproj", "{C0C04EAB-0DA2-4C7A-8187-32A02B5DAC76}"
EndProject
Global
	GlobalSection(SolutionConfigurationPlatforms) = preSolution
		Debug|Any CPU = Debug|Any CPU
		Release|Any CPU = Release|Any CPU
	EndGlobalSection
	GlobalSection(ProjectConfigurationPlatforms) = postSolution
		{C0C04EAB-0DA2-4C7A-8187-32A02B5DAC76}.Debug|Any CPU.ActiveCfg = Debug|Any CPU
		{C0C04EAB-0DA2-4C7A-8187-32A02B5DAC76}.Debug|Any CPU.Build.0 = Debug|Any CPU
		{C0C04EAB-0DA2-4C7A-8187-32A02B5DAC76}.Release|Any CPU.ActiveCfg = Release|Any CPU
		{C0C04EAB-0DA2-4C7A-8187-32A02B5DAC76}.Release|Any CPU.Build.0 = Release|Any CPU
	EndGlobalSection
	GlobalSection(SolutionProperties) = preSolution
		HideSolutionNode = FALSE
	EndGlobalSection
	GlobalSection(ExtensibilityGlobals) = postSolution
		SolutionGuid = {42FF1E7E-6FCA-4A87-B710-CAA81974B54D}
	EndGlobalSection
EndGlobal
